
Microsoft Visual Studio Solution File, Format Version 12.00
# Visual Studio 15
VisualStudioVersion = 15.0.26430.14
MinimumVisualStudioVersion = 10.0.40219.1
Project("{FAE04EC0-301F-11D3-BF4B-00C04F79EFBC}") = "ProdutoLimpeza2", "ProdutoLimpeza2\ProdutoLimpeza2.csproj", "{F29F7EB8-4169-4EDE-8B58-1514E8ACAD48}"
EndProject
Project("{FAE04EC0-301F-11D3-BF4B-00C04F79EFBC}") = "UnitTestProdutoLimpeza", "UnitTestProdutoLimpeza\UnitTestProdutoLimpeza.csproj", "{EF25D158-BFD5-4335-85A4-0982CA3F6D8E}"
EndProject
Global
	GlobalSection(SolutionConfigurationPlatforms) = preSolution
		Debug|Any CPU = Debug|Any CPU
		Release|Any CPU = Release|Any CPU
	EndGlobalSection
	GlobalSection(ProjectConfigurationPlatforms) = postSolution
		{F29F7EB8-4169-4EDE-8B58-1514E8ACAD48}.Debug|Any CPU.ActiveCfg = Debug|Any CPU
		{F29F7EB8-4169-4EDE-8B58-1514E8ACAD48}.Debug|Any CPU.Build.0 = Debug|Any CPU
		{F29F7EB8-4169-4EDE-8B58-1514E8ACAD48}.Release|Any CPU.ActiveCfg = Release|Any CPU
		{F29F7EB8-4169-4EDE-8B58-1514E8ACAD48}.Release|Any CPU.Build.0 = Release|Any CPU
		{EF25D158-BFD5-4335-85A4-0982CA3F6D8E}.Debug|Any CPU.ActiveCfg = Debug|Any CPU
		{EF25D158-BFD5-4335-85A4-0982CA3F6D8E}.Debug|Any CPU.Build.0 = Debug|Any CPU
		{EF25D158-BFD5-4335-85A4-0982CA3F6D8E}.Release|Any CPU.ActiveCfg = Release|Any CPU
		{EF25D158-BFD5-4335-85A4-0982CA3F6D8E}.Release|Any CPU.Build.0 = Release|Any CPU
	EndGlobalSection
	GlobalSection(SolutionProperties) = preSolution
		HideSolutionNode = FALSE
	EndGlobalSection
EndGlobal
